
Microsoft Visual Studio Solution File, Format Version 12.00
Project("{FAE04EC0-301F-11D3-BF4B-00C04F79EFBC}") = "OnlineStore", "OnlineStore\OnlineStore.csproj", "{EBB55081-54B6-4E3D-AED7-26E4B581BD7F}"
EndProject
Project("{2150E333-8FDC-42A3-9474-1A3956D46DE8}") = "0. Presentation", "0. Presentation", "{45CD5433-1363-4E4A-B894-B8F6F363492A}"
EndProject
Project("{2150E333-8FDC-42A3-9474-1A3956D46DE8}") = "1. Application", "1. Application", "{68D58C92-1D04-4945-A084-F6B94ED90DE0}"
EndProject
Project("{2150E333-8FDC-42A3-9474-1A3956D46DE8}") = "2. Domain", "2. Domain", "{7F7353B1-B2EB-4306-A7AE-2F948A27ED81}"
EndProject
Project("{2150E333-8FDC-42A3-9474-1A3956D46DE8}") = "3. Infrastructure", "3. Infrastructure", "{64618105-2899-4597-AD62-FE20E001DA81}"
EndProject
Project("{FAE04EC0-301F-11D3-BF4B-00C04F79EFBC}") = "KeycloakExtension", "KeycloakExtension\KeycloakExtension.csproj", "{381D904F-DDC4-4FDC-8BF7-C9E8B47B843D}"
EndProject
Project("{FAE04EC0-301F-11D3-BF4B-00C04F79EFBC}") = "Persistence", "Persistence\Persistence.csproj", "{1E10D465-56A7-4A6F-A8BA-8B11A0DB7374}"
EndProject
Project("{FAE04EC0-301F-11D3-BF4B-00C04F79EFBC}") = "Domain", "Domain\Domain.csproj", "{51A32C91-CBA1-472A-A084-BCFF31129E9D}"
EndProject
Project("{FAE04EC0-301F-11D3-BF4B-00C04F79EFBC}") = "Application", "Application\Application.csproj", "{4387B248-693C-420D-AB64-09BFCF6B0011}"
EndProject
Project("{FAE04EC0-301F-11D3-BF4B-00C04F79EFBC}") = "Infrastructure", "Infrastructure\Infrastructure.csproj", "{C908FAFA-147E-423C-930A-E3F9D5159E2B}"
EndProject
Project("{FAE04EC0-301F-11D3-BF4B-00C04F79EFBC}") = "Resource", "Resource\Resource.csproj", "{3B0DCC9C-3BA1-468A-80EA-1F2CBB442903}"
EndProject
Global
	GlobalSection(SolutionConfigurationPlatforms) = preSolution
		Debug|Any CPU = Debug|Any CPU
		Release|Any CPU = Release|Any CPU
	EndGlobalSection
	GlobalSection(ProjectConfigurationPlatforms) = postSolution
		{EBB55081-54B6-4E3D-AED7-26E4B581BD7F}.Debug|Any CPU.ActiveCfg = Debug|Any CPU
		{EBB55081-54B6-4E3D-AED7-26E4B581BD7F}.Debug|Any CPU.Build.0 = Debug|Any CPU
		{EBB55081-54B6-4E3D-AED7-26E4B581BD7F}.Release|Any CPU.ActiveCfg = Release|Any CPU
		{EBB55081-54B6-4E3D-AED7-26E4B581BD7F}.Release|Any CPU.Build.0 = Release|Any CPU
		{381D904F-DDC4-4FDC-8BF7-C9E8B47B843D}.Debug|Any CPU.ActiveCfg = Debug|Any CPU
		{381D904F-DDC4-4FDC-8BF7-C9E8B47B843D}.Debug|Any CPU.Build.0 = Debug|Any CPU
		{381D904F-DDC4-4FDC-8BF7-C9E8B47B843D}.Release|Any CPU.ActiveCfg = Release|Any CPU
		{381D904F-DDC4-4FDC-8BF7-C9E8B47B843D}.Release|Any CPU.Build.0 = Release|Any CPU
		{1E10D465-56A7-4A6F-A8BA-8B11A0DB7374}.Debug|Any CPU.ActiveCfg = Debug|Any CPU
		{1E10D465-56A7-4A6F-A8BA-8B11A0DB7374}.Debug|Any CPU.Build.0 = Debug|Any CPU
		{1E10D465-56A7-4A6F-A8BA-8B11A0DB7374}.Release|Any CPU.ActiveCfg = Release|Any CPU
		{1E10D465-56A7-4A6F-A8BA-8B11A0DB7374}.Release|Any CPU.Build.0 = Release|Any CPU
		{51A32C91-CBA1-472A-A084-BCFF31129E9D}.Debug|Any CPU.ActiveCfg = Debug|Any CPU
		{51A32C91-CBA1-472A-A084-BCFF31129E9D}.Debug|Any CPU.Build.0 = Debug|Any CPU
		{51A32C91-CBA1-472A-A084-BCFF31129E9D}.Release|Any CPU.ActiveCfg = Release|Any CPU
		{51A32C91-CBA1-472A-A084-BCFF31129E9D}.Release|Any CPU.Build.0 = Release|Any CPU
		{4387B248-693C-420D-AB64-09BFCF6B0011}.Debug|Any CPU.ActiveCfg = Debug|Any CPU
		{4387B248-693C-420D-AB64-09BFCF6B0011}.Debug|Any CPU.Build.0 = Debug|Any CPU
		{4387B248-693C-420D-AB64-09BFCF6B0011}.Release|Any CPU.ActiveCfg = Release|Any CPU
		{4387B248-693C-420D-AB64-09BFCF6B0011}.Release|Any CPU.Build.0 = Release|Any CPU
		{C908FAFA-147E-423C-930A-E3F9D5159E2B}.Debug|Any CPU.ActiveCfg = Debug|Any CPU
		{C908FAFA-147E-423C-930A-E3F9D5159E2B}.Debug|Any CPU.Build.0 = Debug|Any CPU
		{C908FAFA-147E-423C-930A-E3F9D5159E2B}.Release|Any CPU.ActiveCfg = Release|Any CPU
		{C908FAFA-147E-423C-930A-E3F9D5159E2B}.Release|Any CPU.Build.0 = Release|Any CPU
		{3B0DCC9C-3BA1-468A-80EA-1F2CBB442903}.Debug|Any CPU.ActiveCfg = Debug|Any CPU
		{3B0DCC9C-3BA1-468A-80EA-1F2CBB442903}.Debug|Any CPU.Build.0 = Debug|Any CPU
		{3B0DCC9C-3BA1-468A-80EA-1F2CBB442903}.Release|Any CPU.ActiveCfg = Release|Any CPU
		{3B0DCC9C-3BA1-468A-80EA-1F2CBB442903}.Release|Any CPU.Build.0 = Release|Any CPU
	EndGlobalSection
	GlobalSection(NestedProjects) = preSolution
		{EBB55081-54B6-4E3D-AED7-26E4B581BD7F} = {45CD5433-1363-4E4A-B894-B8F6F363492A}
		{381D904F-DDC4-4FDC-8BF7-C9E8B47B843D} = {64618105-2899-4597-AD62-FE20E001DA81}
		{1E10D465-56A7-4A6F-A8BA-8B11A0DB7374} = {64618105-2899-4597-AD62-FE20E001DA81}
		{51A32C91-CBA1-472A-A084-BCFF31129E9D} = {7F7353B1-B2EB-4306-A7AE-2F948A27ED81}
		{4387B248-693C-420D-AB64-09BFCF6B0011} = {68D58C92-1D04-4945-A084-F6B94ED90DE0}
		{C908FAFA-147E-423C-930A-E3F9D5159E2B} = {64618105-2899-4597-AD62-FE20E001DA81}
		{3B0DCC9C-3BA1-468A-80EA-1F2CBB442903} = {7F7353B1-B2EB-4306-A7AE-2F948A27ED81}
	EndGlobalSection
EndGlobal
